
Microsoft Visual Studio Solution File, Format Version 12.00
# Visual Studio 2013
VisualStudioVersion = 12.0.21005.1
MinimumVisualStudioVersion = 10.0.40219.1
Project("{FAE04EC0-301F-11D3-BF4B-00C04F79EFBC}") = "CarUI", "CarSImulator\CarUI.csproj", "{5BB20136-F9B9-4ADC-9069-9733819A62C3}"
EndProject
Project("{FAE04EC0-301F-11D3-BF4B-00C04F79EFBC}") = "Entity", "Entity\Entity.csproj", "{10B48691-14EF-4DED-94FC-FB51A8C1F1CF}"
EndProject
Project("{FAE04EC0-301F-11D3-BF4B-00C04F79EFBC}") = "BO", "BO\BO.csproj", "{EDDE4AFA-D6F8-4E38-9CC5-BD31B7A61772}"
EndProject
Project("{FAE04EC0-301F-11D3-BF4B-00C04F79EFBC}") = "DAL", "DAL\DAL.csproj", "{47482C99-0E99-4FFD-AC93-4D97FD84ECB6}"
EndProject
Global
	GlobalSection(SolutionConfigurationPlatforms) = preSolution
		Debug|Any CPU = Debug|Any CPU
		Release|Any CPU = Release|Any CPU
	EndGlobalSection
	GlobalSection(ProjectConfigurationPlatforms) = postSolution
		{5BB20136-F9B9-4ADC-9069-9733819A62C3}.Debug|Any CPU.ActiveCfg = Debug|Any CPU
		{5BB20136-F9B9-4ADC-9069-9733819A62C3}.Debug|Any CPU.Build.0 = Debug|Any CPU
		{5BB20136-F9B9-4ADC-9069-9733819A62C3}.Release|Any CPU.ActiveCfg = Release|Any CPU
		{5BB20136-F9B9-4ADC-9069-9733819A62C3}.Release|Any CPU.Build.0 = Release|Any CPU
		{10B48691-14EF-4DED-94FC-FB51A8C1F1CF}.Debug|Any CPU.ActiveCfg = Debug|Any CPU
		{10B48691-14EF-4DED-94FC-FB51A8C1F1CF}.Debug|Any CPU.Build.0 = Debug|Any CPU
		{10B48691-14EF-4DED-94FC-FB51A8C1F1CF}.Release|Any CPU.ActiveCfg = Release|Any CPU
		{10B48691-14EF-4DED-94FC-FB51A8C1F1CF}.Release|Any CPU.Build.0 = Release|Any CPU
		{EDDE4AFA-D6F8-4E38-9CC5-BD31B7A61772}.Debug|Any CPU.ActiveCfg = Debug|Any CPU
		{EDDE4AFA-D6F8-4E38-9CC5-BD31B7A61772}.Debug|Any CPU.Build.0 = Debug|Any CPU
		{EDDE4AFA-D6F8-4E38-9CC5-BD31B7A61772}.Release|Any CPU.ActiveCfg = Release|Any CPU
		{EDDE4AFA-D6F8-4E38-9CC5-BD31B7A61772}.Release|Any CPU.Build.0 = Release|Any CPU
		{47482C99-0E99-4FFD-AC93-4D97FD84ECB6}.Debug|Any CPU.ActiveCfg = Debug|Any CPU
		{47482C99-0E99-4FFD-AC93-4D97FD84ECB6}.Debug|Any CPU.Build.0 = Debug|Any CPU
		{47482C99-0E99-4FFD-AC93-4D97FD84ECB6}.Release|Any CPU.ActiveCfg = Release|Any CPU
		{47482C99-0E99-4FFD-AC93-4D97FD84ECB6}.Release|Any CPU.Build.0 = Release|Any CPU
	EndGlobalSection
	GlobalSection(SolutionProperties) = preSolution
		HideSolutionNode = FALSE
	EndGlobalSection
EndGlobal
